
Microsoft Visual Studio Solution File, Format Version 12.00
# Visual Studio Version 17
VisualStudioVersion = 17.0.31912.275
MinimumVisualStudioVersion = 10.0.40219.1
Project("{9A19103F-16F7-4668-BE54-9A1E7A4F7556}") = "Degiskenler", "Degiskenler\Degiskenler.csproj", "{4829F691-C7B7-4479-ADB5-E7753951C440}"
EndProject
Project("{2150E333-8FDC-42A3-9474-1A3956D46DE8}") = "Gun1", "Gun1", "{D4A01217-DEA8-4DA3-BF1B-5BBC0D6107F4}"
EndProject
Project("{9A19103F-16F7-4668-BE54-9A1E7A4F7556}") = "KararYapilariVeDöngüler", "KararYapilariVeDöngüler\KararYapilariVeDöngüler.csproj", "{1021D092-1A0D-4D02-873C-6D640D52AE00}"
EndProject
Project("{2150E333-8FDC-42A3-9474-1A3956D46DE8}") = "Gun2", "Gun2", "{3513EE40-DABA-4649-980E-E416DED79DD5}"
EndProject
Project("{9A19103F-16F7-4668-BE54-9A1E7A4F7556}") = "InputIslemleri", "InputIslemleri\InputIslemleri.csproj", "{2FF8BF5A-BA9D-4DF6-89BB-2116CCF1D9B0}"
EndProject
Project("{9A19103F-16F7-4668-BE54-9A1E7A4F7556}") = "RandomNesnesi", "RandomNesnesi\RandomNesnesi.csproj", "{4A6AA0DD-9E8E-492E-8C7F-462286D16B42}"
EndProject
Project("{9A19103F-16F7-4668-BE54-9A1E7A4F7556}") = "SekilCizimi", "SekilCizimi\SekilCizimi.csproj", "{E31B7EA7-8A25-4001-82B7-5BE8928C8FDC}"
EndProject
Project("{2150E333-8FDC-42A3-9474-1A3956D46DE8}") = "Gun3", "Gun3", "{C300EB41-16C4-4FE4-94CF-7F67E849AA9E}"
EndProject
Project("{9A19103F-16F7-4668-BE54-9A1E7A4F7556}") = "BomOyunu", "BomOyunu\BomOyunu.csproj", "{0A196995-6532-40EB-8339-FA5C8ACE9061}"
EndProject
Project("{9A19103F-16F7-4668-BE54-9A1E7A4F7556}") = "Diziler", "Diziler\Diziler.csproj", "{A90B9A1D-2AD5-4A36-8CB5-F9DBAB36EEC1}"
EndProject
Project("{9A19103F-16F7-4668-BE54-9A1E7A4F7556}") = "DiziSekilleri", "DiziSekilleri\DiziSekilleri.csproj", "{55479563-EAD8-4B12-8FE8-31F5370EE54A}"
EndProject
Project("{2150E333-8FDC-42A3-9474-1A3956D46DE8}") = "Gun4", "Gun4", "{16220372-327D-4BFC-BC5A-0686464DE313}"
EndProject
Project("{9A19103F-16F7-4668-BE54-9A1E7A4F7556}") = "AdamAsmaca", "AdamAsmaca\AdamAsmaca.csproj", "{EA6F772E-020E-4693-9207-52B602676C79}"
EndProject
Project("{9A19103F-16F7-4668-BE54-9A1E7A4F7556}") = "SayiTahminOyunu", "SayiTahminOyunu\SayiTahminOyunu.csproj", "{FB76EA49-36B9-4371-B4D0-CC287F5D4C58}"
EndProject
Project("{9A19103F-16F7-4668-BE54-9A1E7A4F7556}") = "ZarOyunu", "ZarOyunu\ZarOyunu.csproj", "{91BF7EDC-E257-4196-91E4-92BFF8525F62}"
EndProject
Project("{9A19103F-16F7-4668-BE54-9A1E7A4F7556}") = "MethodKullanımı", "MethodKullanımı\MethodKullanımı.csproj", "{7AF92E57-4E27-4420-8995-0D3C58B8A1AA}"
EndProject
Project("{9A19103F-16F7-4668-BE54-9A1E7A4F7556}") = "MethodKullanimi2", "MethodKullanimi2\MethodKullanimi2.csproj", "{CFEC9A0D-970F-4AEC-9A8C-53C6A75B93EB}"
EndProject
Project("{9A19103F-16F7-4668-BE54-9A1E7A4F7556}") = "BeepBeep", "BeepBeep\BeepBeep.csproj", "{F4A4A28F-475C-4DA2-9099-35D9B01E52ED}"
EndProject
Project("{2150E333-8FDC-42A3-9474-1A3956D46DE8}") = "Gun5", "Gun5", "{47FBE824-D205-4500-B3BF-7232B0185ECC}"
EndProject
Project("{9A19103F-16F7-4668-BE54-9A1E7A4F7556}") = "AdresDefteriDuzeltme", "AdresDefteriDuzeltme\AdresDefteriDuzeltme.csproj", "{5FE72E5B-F12F-4C4B-AA91-4C4D85354CB4}"
EndProject
Project("{2150E333-8FDC-42A3-9474-1A3956D46DE8}") = "Gun6", "Gun6", "{AD403DC1-7FDD-45F0-A448-51CAFB752C43}"
EndProject
Project("{FAE04EC0-301F-11D3-BF4B-00C04F79EFBC}") = "Inheritance", "Inheritance\Inheritance.csproj", "{D63A9BED-D1A0-4BF7-A278-98BEB37A2DAA}"
EndProject
Global
	GlobalSection(SolutionConfigurationPlatforms) = preSolution
		Debug|Any CPU = Debug|Any CPU
		Release|Any CPU = Release|Any CPU
	EndGlobalSection
	GlobalSection(ProjectConfigurationPlatforms) = postSolution
		{4829F691-C7B7-4479-ADB5-E7753951C440}.Debug|Any CPU.ActiveCfg = Debug|Any CPU
		{4829F691-C7B7-4479-ADB5-E7753951C440}.Debug|Any CPU.Build.0 = Debug|Any CPU
		{4829F691-C7B7-4479-ADB5-E7753951C440}.Release|Any CPU.ActiveCfg = Release|Any CPU
		{4829F691-C7B7-4479-ADB5-E7753951C440}.Release|Any CPU.Build.0 = Release|Any CPU
		{1021D092-1A0D-4D02-873C-6D640D52AE00}.Debug|Any CPU.ActiveCfg = Debug|Any CPU
		{1021D092-1A0D-4D02-873C-6D640D52AE00}.Debug|Any CPU.Build.0 = Debug|Any CPU
		{1021D092-1A0D-4D02-873C-6D640D52AE00}.Release|Any CPU.ActiveCfg = Release|Any CPU
		{1021D092-1A0D-4D02-873C-6D640D52AE00}.Release|Any CPU.Build.0 = Release|Any CPU
		{2FF8BF5A-BA9D-4DF6-89BB-2116CCF1D9B0}.Debug|Any CPU.ActiveCfg = Debug|Any CPU
		{2FF8BF5A-BA9D-4DF6-89BB-2116CCF1D9B0}.Debug|Any CPU.Build.0 = Debug|Any CPU
		{2FF8BF5A-BA9D-4DF6-89BB-2116CCF1D9B0}.Release|Any CPU.ActiveCfg = Release|Any CPU
		{2FF8BF5A-BA9D-4DF6-89BB-2116CCF1D9B0}.Release|Any CPU.Build.0 = Release|Any CPU
		{4A6AA0DD-9E8E-492E-8C7F-462286D16B42}.Debug|Any CPU.ActiveCfg = Debug|Any CPU
		{4A6AA0DD-9E8E-492E-8C7F-462286D16B42}.Debug|Any CPU.Build.0 = Debug|Any CPU
		{4A6AA0DD-9E8E-492E-8C7F-462286D16B42}.Release|Any CPU.ActiveCfg = Release|Any CPU
		{4A6AA0DD-9E8E-492E-8C7F-462286D16B42}.Release|Any CPU.Build.0 = Release|Any CPU
		{E31B7EA7-8A25-4001-82B7-5BE8928C8FDC}.Debug|Any CPU.ActiveCfg = Debug|Any CPU
		{E31B7EA7-8A25-4001-82B7-5BE8928C8FDC}.Debug|Any CPU.Build.0 = Debug|Any CPU
		{E31B7EA7-8A25-4001-82B7-5BE8928C8FDC}.Release|Any CPU.ActiveCfg = Release|Any CPU
		{E31B7EA7-8A25-4001-82B7-5BE8928C8FDC}.Release|Any CPU.Build.0 = Release|Any CPU
		{0A196995-6532-40EB-8339-FA5C8ACE9061}.Debug|Any CPU.ActiveCfg = Debug|Any CPU
		{0A196995-6532-40EB-8339-FA5C8ACE9061}.Debug|Any CPU.Build.0 = Debug|Any CPU
		{0A196995-6532-40EB-8339-FA5C8ACE9061}.Release|Any CPU.ActiveCfg = Release|Any CPU
		{0A196995-6532-40EB-8339-FA5C8ACE9061}.Release|Any CPU.Build.0 = Release|Any CPU
		{A90B9A1D-2AD5-4A36-8CB5-F9DBAB36EEC1}.Debug|Any CPU.ActiveCfg = Debug|Any CPU
		{A90B9A1D-2AD5-4A36-8CB5-F9DBAB36EEC1}.Debug|Any CPU.Build.0 = Debug|Any CPU
		{A90B9A1D-2AD5-4A36-8CB5-F9DBAB36EEC1}.Release|Any CPU.ActiveCfg = Release|Any CPU
		{A90B9A1D-2AD5-4A36-8CB5-F9DBAB36EEC1}.Release|Any CPU.Build.0 = Release|Any CPU
		{55479563-EAD8-4B12-8FE8-31F5370EE54A}.Debug|Any CPU.ActiveCfg = Debug|Any CPU
		{55479563-EAD8-4B12-8FE8-31F5370EE54A}.Debug|Any CPU.Build.0 = Debug|Any CPU
		{55479563-EAD8-4B12-8FE8-31F5370EE54A}.Release|Any CPU.ActiveCfg = Release|Any CPU
		{55479563-EAD8-4B12-8FE8-31F5370EE54A}.Release|Any CPU.Build.0 = Release|Any CPU
		{EA6F772E-020E-4693-9207-52B602676C79}.Debug|Any CPU.ActiveCfg = Debug|Any CPU
		{EA6F772E-020E-4693-9207-52B602676C79}.Debug|Any CPU.Build.0 = Debug|Any CPU
		{EA6F772E-020E-4693-9207-52B602676C79}.Release|Any CPU.ActiveCfg = Release|Any CPU
		{EA6F772E-020E-4693-9207-52B602676C79}.Release|Any CPU.Build.0 = Release|Any CPU
		{FB76EA49-36B9-4371-B4D0-CC287F5D4C58}.Debug|Any CPU.ActiveCfg = Debug|Any CPU
		{FB76EA49-36B9-4371-B4D0-CC287F5D4C58}.Debug|Any CPU.Build.0 = Debug|Any CPU
		{FB76EA49-36B9-4371-B4D0-CC287F5D4C58}.Release|Any CPU.ActiveCfg = Release|Any CPU
		{FB76EA49-36B9-4371-B4D0-CC287F5D4C58}.Release|Any CPU.Build.0 = Release|Any CPU
		{91BF7EDC-E257-4196-91E4-92BFF8525F62}.Debug|Any CPU.ActiveCfg = Debug|Any CPU
		{91BF7EDC-E257-4196-91E4-92BFF8525F62}.Debug|Any CPU.Build.0 = Debug|Any CPU
		{91BF7EDC-E257-4196-91E4-92BFF8525F62}.Release|Any CPU.ActiveCfg = Release|Any CPU
		{91BF7EDC-E257-4196-91E4-92BFF8525F62}.Release|Any CPU.Build.0 = Release|Any CPU
		{7AF92E57-4E27-4420-8995-0D3C58B8A1AA}.Debug|Any CPU.ActiveCfg = Debug|Any CPU
		{7AF92E57-4E27-4420-8995-0D3C58B8A1AA}.Debug|Any CPU.Build.0 = Debug|Any CPU
		{7AF92E57-4E27-4420-8995-0D3C58B8A1AA}.Release|Any CPU.ActiveCfg = Release|Any CPU
		{7AF92E57-4E27-4420-8995-0D3C58B8A1AA}.Release|Any CPU.Build.0 = Release|Any CPU
		{CFEC9A0D-970F-4AEC-9A8C-53C6A75B93EB}.Debug|Any CPU.ActiveCfg = Debug|Any CPU
		{CFEC9A0D-970F-4AEC-9A8C-53C6A75B93EB}.Debug|Any CPU.Build.0 = Debug|Any CPU
		{CFEC9A0D-970F-4AEC-9A8C-53C6A75B93EB}.Release|Any CPU.ActiveCfg = Release|Any CPU
		{CFEC9A0D-970F-4AEC-9A8C-53C6A75B93EB}.Release|Any CPU.Build.0 = Release|Any CPU
		{F4A4A28F-475C-4DA2-9099-35D9B01E52ED}.Debug|Any CPU.ActiveCfg = Debug|Any CPU
		{F4A4A28F-475C-4DA2-9099-35D9B01E52ED}.Debug|Any CPU.Build.0 = Debug|Any CPU
		{F4A4A28F-475C-4DA2-9099-35D9B01E52ED}.Release|Any CPU.ActiveCfg = Release|Any CPU
		{F4A4A28F-475C-4DA2-9099-35D9B01E52ED}.Release|Any CPU.Build.0 = Release|Any CPU
		{5FE72E5B-F12F-4C4B-AA91-4C4D85354CB4}.Debug|Any CPU.ActiveCfg = Debug|Any CPU
		{5FE72E5B-F12F-4C4B-AA91-4C4D85354CB4}.Debug|Any CPU.Build.0 = Debug|Any CPU
		{5FE72E5B-F12F-4C4B-AA91-4C4D85354CB4}.Release|Any CPU.ActiveCfg = Release|Any CPU
		{5FE72E5B-F12F-4C4B-AA91-4C4D85354CB4}.Release|Any CPU.Build.0 = Release|Any CPU
		{D63A9BED-D1A0-4BF7-A278-98BEB37A2DAA}.Debug|Any CPU.ActiveCfg = Debug|Any CPU
		{D63A9BED-D1A0-4BF7-A278-98BEB37A2DAA}.Debug|Any CPU.Build.0 = Debug|Any CPU
		{D63A9BED-D1A0-4BF7-A278-98BEB37A2DAA}.Release|Any CPU.ActiveCfg = Release|Any CPU
		{D63A9BED-D1A0-4BF7-A278-98BEB37A2DAA}.Release|Any CPU.Build.0 = Release|Any CPU
	EndGlobalSection
	GlobalSection(SolutionProperties) = preSolution
		HideSolutionNode = FALSE
	EndGlobalSection
	GlobalSection(NestedProjects) = preSolution
		{4829F691-C7B7-4479-ADB5-E7753951C440} = {D4A01217-DEA8-4DA3-BF1B-5BBC0D6107F4}
		{1021D092-1A0D-4D02-873C-6D640D52AE00} = {D4A01217-DEA8-4DA3-BF1B-5BBC0D6107F4}
		{2FF8BF5A-BA9D-4DF6-89BB-2116CCF1D9B0} = {3513EE40-DABA-4649-980E-E416DED79DD5}
		{4A6AA0DD-9E8E-492E-8C7F-462286D16B42} = {3513EE40-DABA-4649-980E-E416DED79DD5}
		{E31B7EA7-8A25-4001-82B7-5BE8928C8FDC} = {3513EE40-DABA-4649-980E-E416DED79DD5}
		{0A196995-6532-40EB-8339-FA5C8ACE9061} = {C300EB41-16C4-4FE4-94CF-7F67E849AA9E}
		{A90B9A1D-2AD5-4A36-8CB5-F9DBAB36EEC1} = {C300EB41-16C4-4FE4-94CF-7F67E849AA9E}
		{55479563-EAD8-4B12-8FE8-31F5370EE54A} = {C300EB41-16C4-4FE4-94CF-7F67E849AA9E}
		{EA6F772E-020E-4693-9207-52B602676C79} = {16220372-327D-4BFC-BC5A-0686464DE313}
		{FB76EA49-36B9-4371-B4D0-CC287F5D4C58} = {16220372-327D-4BFC-BC5A-0686464DE313}
		{91BF7EDC-E257-4196-91E4-92BFF8525F62} = {16220372-327D-4BFC-BC5A-0686464DE313}
		{7AF92E57-4E27-4420-8995-0D3C58B8A1AA} = {16220372-327D-4BFC-BC5A-0686464DE313}
		{CFEC9A0D-970F-4AEC-9A8C-53C6A75B93EB} = {16220372-327D-4BFC-BC5A-0686464DE313}
		{F4A4A28F-475C-4DA2-9099-35D9B01E52ED} = {16220372-327D-4BFC-BC5A-0686464DE313}
		{5FE72E5B-F12F-4C4B-AA91-4C4D85354CB4} = {47FBE824-D205-4500-B3BF-7232B0185ECC}
		{D63A9BED-D1A0-4BF7-A278-98BEB37A2DAA} = {AD403DC1-7FDD-45F0-A448-51CAFB752C43}
	EndGlobalSection
	GlobalSection(ExtensibilityGlobals) = postSolution
		SolutionGuid = {9E8579C3-E663-4DA9-A753-206ABAA35568}
	EndGlobalSection
EndGlobal
